{
  "requires": true,
  "lockfileVersion": 1,
  "dependencies": {
    "@react-spring/animated": {
      "version": "9.6.1",
      "resolved": "https://registry.npmjs.org/@react-spring/animated/-/animated-9.6.1.tgz",
      "integrity": "sha512-ls/rJBrAqiAYozjLo5EPPLLOb1LM0lNVQcXODTC1SMtS6DbuBCPaKco5svFUQFMP2dso3O+qcC4k9FsKc0KxMQ==",
      "requires": {
        "@react-spring/shared": "~9.6.1",
        "@react-spring/types": "~9.6.1"
      }
    },
    "@react-spring/core": {
      "version": "9.6.1",
      "resolved": "https://registry.npmjs.org/@react-spring/core/-/core-9.6.1.tgz",
      "integrity": "sha512-3HAAinAyCPessyQNNXe5W0OHzRfa8Yo5P748paPcmMowZ/4sMfaZ2ZB6e5x5khQI8NusOHj8nquoutd6FRY5WQ==",
      "requires": {
        "@react-spring/animated": "~9.6.1",
        "@react-spring/rafz": "~9.6.1",
        "@react-spring/shared": "~9.6.1",
        "@react-spring/types": "~9.6.1"
      }
    },
    "@react-spring/konva": {
      "version": "9.6.1",
      "resolved": "https://registry.npmjs.org/@react-spring/konva/-/konva-9.6.1.tgz",
      "integrity": "sha512-MevnU+tnG1LPsmMRpfJfevfLtI0ObIvrwYc+Xg+kmYJe00vwMRSdulQOztKANKalFXBewwk72XrQCeRLXFaUIg==",
      "requires": {
        "@react-spring/animated": "~9.6.1",
        "@react-spring/core": "~9.6.1",
        "@react-spring/shared": "~9.6.1",
        "@react-spring/types": "~9.6.1"
      }
    },
    "@react-spring/native": {
      "version": "9.6.1",
      "resolved": "https://registry.npmjs.org/@react-spring/native/-/native-9.6.1.tgz",
      "integrity": "sha512-ZIfSytxFGLw4gYOb8gsmwG0+JZYxuM/Y1XPCXCkhuoMn+RmOYrr0kQ4gLczbmf+TRxth7OT1c8vBYz0+SCGcIQ==",
      "requires": {
        "@react-spring/animated": "~9.6.1",
        "@react-spring/core": "~9.6.1",
        "@react-spring/shared": "~9.6.1",
        "@react-spring/types": "~9.6.1"
      }
    },
    "@react-spring/rafz": {
      "version": "9.6.1",
      "resolved": "https://registry.npmjs.org/@react-spring/rafz/-/rafz-9.6.1.tgz",
      "integrity": "sha512-v6qbgNRpztJFFfSE3e2W1Uz+g8KnIBs6SmzCzcVVF61GdGfGOuBrbjIcp+nUz301awVmREKi4eMQb2Ab2gGgyQ=="
    },
    "@react-spring/shared": {
      "version": "9.6.1",
      "resolved": "https://registry.npmjs.org/@react-spring/shared/-/shared-9.6.1.tgz",
      "integrity": "sha512-PBFBXabxFEuF8enNLkVqMC9h5uLRBo6GQhRMQT/nRTnemVENimgRd+0ZT4yFnAQ0AxWNiJfX3qux+bW2LbG6Bw==",
      "requires": {
        "@react-spring/rafz": "~9.6.1",
        "@react-spring/types": "~9.6.1"
      }
    },
    "@react-spring/three": {
      "version": "9.6.1",
      "resolved": "https://registry.npmjs.org/@react-spring/three/-/three-9.6.1.tgz",
      "integrity": "sha512-Tyw2YhZPKJAX3t2FcqvpLRb71CyTe1GvT3V+i+xJzfALgpk10uPGdGaQQ5Xrzmok1340DAeg2pR/MCfaW7b8AA==",
      "requires": {
        "@react-spring/animated": "~9.6.1",
        "@react-spring/core": "~9.6.1",
        "@react-spring/shared": "~9.6.1",
        "@react-spring/types": "~9.6.1"
      }
    },
    "@react-spring/types": {
      "version": "9.6.1",
      "resolved": "https://registry.npmjs.org/@react-spring/types/-/types-9.6.1.tgz",
      "integrity": "sha512-POu8Mk0hIU3lRXB3bGIGe4VHIwwDsQyoD1F394OK7STTiX9w4dG3cTLljjYswkQN+hDSHRrj4O36kuVa7KPU8Q=="
    },
    "@react-spring/web": {
      "version": "9.6.1",
      "resolved": "https://registry.npmjs.org/@react-spring/web/-/web-9.6.1.tgz",
      "integrity": "sha512-X2zR6q2Z+FjsWfGAmAXlQaoUHbPmfuCaXpuM6TcwXPpLE1ZD4A1eys/wpXboFQmDkjnrlTmKvpVna1MjWpZ5Hw==",
      "requires": {
        "@react-spring/animated": "~9.6.1",
        "@react-spring/core": "~9.6.1",
        "@react-spring/shared": "~9.6.1",
        "@react-spring/types": "~9.6.1"
      }
    },
    "@react-spring/zdog": {
      "version": "9.6.1",
      "resolved": "https://registry.npmjs.org/@react-spring/zdog/-/zdog-9.6.1.tgz",
      "integrity": "sha512-0jSGm2OFW/+/+4dkRp46KzEkcLVfzV2k6DO1om0dLDtQ4q6FpX4dmDTlRc7Apzin6VtfQONMFIGITtbqoS28MQ==",
      "requires": {
        "@react-spring/animated": "~9.6.1",
        "@react-spring/core": "~9.6.1",
        "@react-spring/shared": "~9.6.1",
        "@react-spring/types": "~9.6.1"
      }
    },
    "js-tokens": {
      "version": "4.0.0",
      "resolved": "https://registry.npmjs.org/js-tokens/-/js-tokens-4.0.0.tgz",
      "integrity": "sha512-RdJUflcE3cUzKiMqQgsCu06FPu9UdIJO0beYbPhHN4k6apgJtifcoCtT9bcxOpYBtpD2kCM6Sbzg4CausW/PKQ=="
    },
    "loose-envify": {
      "version": "1.4.0",
      "resolved": "https://registry.npmjs.org/loose-envify/-/loose-envify-1.4.0.tgz",
      "integrity": "sha512-lyuxPGr/Wfhrlem2CL/UcnUc1zcqKAImBDzukY7Y5F/yQiNdko6+fRLevlw1HgMySw7f611UIY408EtxRSoK3Q==",
      "requires": {
        "js-tokens": "^3.0.0 || ^4.0.0"
      }
    },
    "react": {
      "version": "18.2.0",
      "resolved": "https://registry.npmjs.org/react/-/react-18.2.0.tgz",
      "integrity": "sha512-/3IjMdb2L9QbBdWiW5e3P2/npwMBaU9mHCSCUzNln0ZCYbcfTsGbTJrU/kGemdH2IWmB2ioZ+zkxtmq6g09fGQ==",
      "requires": {
        "loose-envify": "^1.1.0"
      }
    },
    "react-spring": {
      "version": "9.6.1",
      "resolved": "https://registry.npmjs.org/react-spring/-/react-spring-9.6.1.tgz",
      "integrity": "sha512-BeP80R4SLb1bZHW/Q62nECoScHw/fH+jzGkD7dc892HNGa+lbGIJXURc6U7N8JfZ8peEO46nPxR57aUMuYzquQ==",
      "requires": {
        "@react-spring/core": "~9.6.1",
        "@react-spring/konva": "~9.6.1",
        "@react-spring/native": "~9.6.1",
        "@react-spring/three": "~9.6.1",
        "@react-spring/web": "~9.6.1",
        "@react-spring/zdog": "~9.6.1"
      }
    }
  }
}
